
Microsoft Visual Studio Solution File, Format Version 12.00
# Visual Studio Version 17
VisualStudioVersion = 17.7.34221.43
MinimumVisualStudioVersion = 10.0.40219.1
Project("{54A90642-561A-4BB1-A94E-469ADEE60C69}") = "angularapp", "angularapp\angularapp.esproj", "{CBCD087A-F4B9-495F-BC32-A2773A052B1E}"
EndProject
Project("{9A19103F-16F7-4668-BE54-9A1E7A4F7556}") = "webapi", "webapi\webapi.csproj", "{BC9D1842-0825-4ED2-8AE3-5C38D1DF15BA}"
EndProject
Global
	GlobalSection(SolutionConfigurationPlatforms) = preSolution
		Debug|Any CPU = Debug|Any CPU
		Release|Any CPU = Release|Any CPU
	EndGlobalSection
	GlobalSection(ProjectConfigurationPlatforms) = postSolution
		{CBCD087A-F4B9-495F-BC32-A2773A052B1E}.Debug|Any CPU.ActiveCfg = Debug|Any CPU
		{CBCD087A-F4B9-495F-BC32-A2773A052B1E}.Debug|Any CPU.Build.0 = Debug|Any CPU
		{CBCD087A-F4B9-495F-BC32-A2773A052B1E}.Debug|Any CPU.Deploy.0 = Debug|Any CPU
		{CBCD087A-F4B9-495F-BC32-A2773A052B1E}.Release|Any CPU.ActiveCfg = Release|Any CPU
		{CBCD087A-F4B9-495F-BC32-A2773A052B1E}.Release|Any CPU.Build.0 = Release|Any CPU
		{CBCD087A-F4B9-495F-BC32-A2773A052B1E}.Release|Any CPU.Deploy.0 = Release|Any CPU
		{BC9D1842-0825-4ED2-8AE3-5C38D1DF15BA}.Debug|Any CPU.ActiveCfg = Debug|Any CPU
		{BC9D1842-0825-4ED2-8AE3-5C38D1DF15BA}.Debug|Any CPU.Build.0 = Debug|Any CPU
		{BC9D1842-0825-4ED2-8AE3-5C38D1DF15BA}.Release|Any CPU.ActiveCfg = Release|Any CPU
		{BC9D1842-0825-4ED2-8AE3-5C38D1DF15BA}.Release|Any CPU.Build.0 = Release|Any CPU
	EndGlobalSection
	GlobalSection(SolutionProperties) = preSolution
		HideSolutionNode = FALSE
	EndGlobalSection
	GlobalSection(ExtensibilityGlobals) = postSolution
		SolutionGuid = {375BFD1D-2635-4F3C-8046-5679E131C4FA}
	EndGlobalSection
EndGlobal
